
Microsoft Visual Studio Solution File, Format Version 12.00
# Visual Studio 15
VisualStudioVersion = 15.0.27428.2037
MinimumVisualStudioVersion = 10.0.40219.1
Project("{8BC9CEB8-8B4A-11D0-8D11-00A0C91BC942}") = "MSQLBackup", "MSQLBackup\MSQLBackup.vcxproj", "{42E63F05-F0FE-44B8-8F46-D7BC832B2328}"
EndProject
Global
	GlobalSection(SolutionConfigurationPlatforms) = preSolution
		Debug|x64 = Debug|x64
		Debug|x86 = Debug|x86
		Release|x64 = Release|x64
		Release|x86 = Release|x86
	EndGlobalSection
	GlobalSection(ProjectConfigurationPlatforms) = postSolution
		{42E63F05-F0FE-44B8-8F46-D7BC832B2328}.Debug|x64.ActiveCfg = Debug|x64
		{42E63F05-F0FE-44B8-8F46-D7BC832B2328}.Debug|x64.Build.0 = Debug|x64
		{42E63F05-F0FE-44B8-8F46-D7BC832B2328}.Debug|x86.ActiveCfg = Debug|Win32
		{42E63F05-F0FE-44B8-8F46-D7BC832B2328}.Debug|x86.Build.0 = Debug|Win32
		{42E63F05-F0FE-44B8-8F46-D7BC832B2328}.Release|x64.ActiveCfg = Release|x64
		{42E63F05-F0FE-44B8-8F46-D7BC832B2328}.Release|x64.Build.0 = Release|x64
		{42E63F05-F0FE-44B8-8F46-D7BC832B2328}.Release|x86.ActiveCfg = Release|Win32
		{42E63F05-F0FE-44B8-8F46-D7BC832B2328}.Release|x86.Build.0 = Release|Win32
	EndGlobalSection
	GlobalSection(SolutionProperties) = preSolution
		HideSolutionNode = FALSE
	EndGlobalSection
	GlobalSection(ExtensibilityGlobals) = postSolution
		SolutionGuid = {B8E23BA1-9C12-474F-8D9F-74CE5DEA13F0}
	EndGlobalSection
EndGlobal
